
Microsoft Visual Studio Solution File, Format Version 12.00
# Visual Studio Version 17
VisualStudioVersion = 17.6.33829.357
MinimumVisualStudioVersion = 10.0.40219.1
Project("{FAE04EC0-301F-11D3-BF4B-00C04F79EFBC}") = "ApiPelicula", "ApiPelicula\ApiPelicula.csproj", "{02CD4C71-0079-49B2-BB7B-5555328746D3}"
EndProject
Global
	GlobalSection(SolutionConfigurationPlatforms) = preSolution
		Debug|Any CPU = Debug|Any CPU
		Release|Any CPU = Release|Any CPU
	EndGlobalSection
	GlobalSection(ProjectConfigurationPlatforms) = postSolution
		{02CD4C71-0079-49B2-BB7B-5555328746D3}.Debug|Any CPU.ActiveCfg = Debug|Any CPU
		{02CD4C71-0079-49B2-BB7B-5555328746D3}.Debug|Any CPU.Build.0 = Debug|Any CPU
		{02CD4C71-0079-49B2-BB7B-5555328746D3}.Release|Any CPU.ActiveCfg = Release|Any CPU
		{02CD4C71-0079-49B2-BB7B-5555328746D3}.Release|Any CPU.Build.0 = Release|Any CPU
	EndGlobalSection
	GlobalSection(SolutionProperties) = preSolution
		HideSolutionNode = FALSE
	EndGlobalSection
	GlobalSection(ExtensibilityGlobals) = postSolution
		SolutionGuid = {A6F2A22A-C341-41EC-B040-EC91FE58FAB1}
	EndGlobalSection
EndGlobal
